
Microsoft Visual Studio Solution File, Format Version 12.00
# Visual Studio Version 16
VisualStudioVersion = 16.0.29613.14
MinimumVisualStudioVersion = 10.0.40219.1
Project("{FAE04EC0-301F-11D3-BF4B-00C04F79EFBC}") = "Aplicação", "Aplicação.csproj", "{20B1147A-8F05-42EB-90DC-55C92BEF02DC}"
EndProject
Global
	GlobalSection(SolutionConfigurationPlatforms) = preSolution
		Debug|Any CPU = Debug|Any CPU
		Release|Any CPU = Release|Any CPU
	EndGlobalSection
	GlobalSection(ProjectConfigurationPlatforms) = postSolution
		{20B1147A-8F05-42EB-90DC-55C92BEF02DC}.Debug|Any CPU.ActiveCfg = Debug|Any CPU
		{20B1147A-8F05-42EB-90DC-55C92BEF02DC}.Debug|Any CPU.Build.0 = Debug|Any CPU
		{20B1147A-8F05-42EB-90DC-55C92BEF02DC}.Release|Any CPU.ActiveCfg = Release|Any CPU
		{20B1147A-8F05-42EB-90DC-55C92BEF02DC}.Release|Any CPU.Build.0 = Release|Any CPU
	EndGlobalSection
	GlobalSection(SolutionProperties) = preSolution
		HideSolutionNode = FALSE
	EndGlobalSection
	GlobalSection(ExtensibilityGlobals) = postSolution
		SolutionGuid = {7FB0A379-01BD-453F-8F5A-D2DCA0F8B2C5}
	EndGlobalSection
EndGlobal
